Microsoft Visual Studio Solution File, Format Version 11.00
# Visual Studio 2008

Project("{C56222E5-A33E-6EB7-F49F-E8240814B323}") = "DCG_Assignment", "Assembly-CSharp-vs.csproj", "{DABB731F-AE55-56F7-D7AC-C917D73220EC}"
EndProject
Global
	GlobalSection(SolutionConfigurationPlatforms) = preSolution
		Debug|Any CPU = Debug|Any CPU
		Release|Any CPU = Release|Any CPU
	EndGlobalSection
	GlobalSection(ProjectConfigurationPlatforms) = postSolution
		{DABB731F-AE55-56F7-D7AC-C917D73220EC}.Debug|Any CPU.ActiveCfg = Debug|Any CPU
		{DABB731F-AE55-56F7-D7AC-C917D73220EC}.Debug|Any CPU.Build.0 = Debug|Any CPU
		{DABB731F-AE55-56F7-D7AC-C917D73220EC}.Release|Any CPU.ActiveCfg = Release|Any CPU
		{DABB731F-AE55-56F7-D7AC-C917D73220EC}.Release|Any CPU.Build.0 = Release|Any CPU
	EndGlobalSection
	GlobalSection(SolutionProperties) = preSolution
		HideSolutionNode = FALSE
	EndGlobalSection
																																GlobalSection(MonoDevelopProperties) = preSolution
		StartupItem = Assembly-CSharp.csproj
		Policies = $0
		$0.TextStylePolicy = $1
		$1.inheritsSet = null
		$1.scope = text/x-csharp
		$0.CSharpFormattingPolicy = $2
		$2.inheritsSet = Mono
		$2.inheritsScope = text/x-csharp
		$2.scope = text/x-csharp
		$0.TextStylePolicy = $3
		$3.FileWidth = 120
		$3.TabWidth = 4
		$3.IndentWidth = 4
		$3.EolMarker = Unix
		$3.inheritsSet = Mono
		$3.inheritsScope = text/plain
		$3.scope = text/plain
	EndGlobalSection

EndGlobal
